
Microsoft Visual Studio Solution File, Format Version 12.00
# Visual Studio Version 17
VisualStudioVersion = 17.1.32414.318
MinimumVisualStudioVersion = 10.0.40219.1
Project("{9A19103F-16F7-4668-BE54-9A1E7A4F7556}") = "LargerCities", "LargerCities\LargerCities.csproj", "{8207B235-6B39-4541-A1EC-96725A5D7FEF}"
EndProject
Global
	GlobalSection(SolutionConfigurationPlatforms) = preSolution
		Debug|Any CPU = Debug|Any CPU
		Release|Any CPU = Release|Any CPU
	EndGlobalSection
	GlobalSection(ProjectConfigurationPlatforms) = postSolution
		{8207B235-6B39-4541-A1EC-96725A5D7FEF}.Debug|Any CPU.ActiveCfg = Debug|Any CPU
		{8207B235-6B39-4541-A1EC-96725A5D7FEF}.Debug|Any CPU.Build.0 = Debug|Any CPU
		{8207B235-6B39-4541-A1EC-96725A5D7FEF}.Release|Any CPU.ActiveCfg = Release|Any CPU
		{8207B235-6B39-4541-A1EC-96725A5D7FEF}.Release|Any CPU.Build.0 = Release|Any CPU
	EndGlobalSection
	GlobalSection(SolutionProperties) = preSolution
		HideSolutionNode = FALSE
	EndGlobalSection
	GlobalSection(ExtensibilityGlobals) = postSolution
		SolutionGuid = {6054296E-B4CB-4E0C-8B0D-37C79FA8D10B}
	EndGlobalSection
EndGlobal
